
Microsoft Visual Studio Solution File, Format Version 12.00
# Visual Studio 15
VisualStudioVersion = 15.0.28307.329
MinimumVisualStudioVersion = 10.0.40219.1
Project("{FAE04EC0-301F-11D3-BF4B-00C04F79EFBC}") = "Heap", "Heap\Heap.csproj", "{D24FC18C-52AC-4DB7-A375-5BBC7E52529D}"
EndProject
Global
	GlobalSection(SolutionConfigurationPlatforms) = preSolution
		Debug|Any CPU = Debug|Any CPU
		Release|Any CPU = Release|Any CPU
	EndGlobalSection
	GlobalSection(ProjectConfigurationPlatforms) = postSolution
		{D24FC18C-52AC-4DB7-A375-5BBC7E52529D}.Debug|Any CPU.ActiveCfg = Debug|Any CPU
		{D24FC18C-52AC-4DB7-A375-5BBC7E52529D}.Debug|Any CPU.Build.0 = Debug|Any CPU
		{D24FC18C-52AC-4DB7-A375-5BBC7E52529D}.Release|Any CPU.ActiveCfg = Release|Any CPU
		{D24FC18C-52AC-4DB7-A375-5BBC7E52529D}.Release|Any CPU.Build.0 = Release|Any CPU
	EndGlobalSection
	GlobalSection(SolutionProperties) = preSolution
		HideSolutionNode = FALSE
	EndGlobalSection
	GlobalSection(ExtensibilityGlobals) = postSolution
		SolutionGuid = {E2466067-017F-473D-BFF9-D1F4C8B5D6B5}
	EndGlobalSection
EndGlobal
